
Microsoft Visual Studio Solution File, Format Version 12.00
# Visual Studio Version 17
VisualStudioVersion = 17.12.35707.178
MinimumVisualStudioVersion = 10.0.40219.1
Project("{FAE04EC0-301F-11D3-BF4B-00C04F79EFBC}") = "AltSKUF.Back.Authentication", "AltSKUF.Back.Authentication\AltSKUF.Back.Authentication.csproj", "{D2B05358-034B-46F1-A0E0-943F6130E1D2}"
EndProject
Project("{FAE04EC0-301F-11D3-BF4B-00C04F79EFBC}") = "AltSKUF.Back.Authentication.Domain", "AltSKUF.Back.Authentication.Domain\AltSKUF.Back.Authentication.Domain.csproj", "{D96B62B1-6B03-4698-8297-6E4D9C4C198D}"
EndProject
Project("{FAE04EC0-301F-11D3-BF4B-00C04F79EFBC}") = "AltSKUF.Back.Authentication.Infrastracture", "AltSKUF.Back.Authentication.Infrastracture\AltSKUF.Back.Authentication.Infrastracture.csproj", "{4E9E7D67-38E1-4BCD-9657-23A48A2133FB}"
EndProject
Global
	GlobalSection(SolutionConfigurationPlatforms) = preSolution
		Debug|Any CPU = Debug|Any CPU
		Release|Any CPU = Release|Any CPU
	EndGlobalSection
	GlobalSection(ProjectConfigurationPlatforms) = postSolution
		{D2B05358-034B-46F1-A0E0-943F6130E1D2}.Debug|Any CPU.ActiveCfg = Debug|Any CPU
		{D2B05358-034B-46F1-A0E0-943F6130E1D2}.Debug|Any CPU.Build.0 = Debug|Any CPU
		{D2B05358-034B-46F1-A0E0-943F6130E1D2}.Release|Any CPU.ActiveCfg = Release|Any CPU
		{D2B05358-034B-46F1-A0E0-943F6130E1D2}.Release|Any CPU.Build.0 = Release|Any CPU
		{D96B62B1-6B03-4698-8297-6E4D9C4C198D}.Debug|Any CPU.ActiveCfg = Debug|Any CPU
		{D96B62B1-6B03-4698-8297-6E4D9C4C198D}.Debug|Any CPU.Build.0 = Debug|Any CPU
		{D96B62B1-6B03-4698-8297-6E4D9C4C198D}.Release|Any CPU.ActiveCfg = Release|Any CPU
		{D96B62B1-6B03-4698-8297-6E4D9C4C198D}.Release|Any CPU.Build.0 = Release|Any CPU
		{4E9E7D67-38E1-4BCD-9657-23A48A2133FB}.Debug|Any CPU.ActiveCfg = Debug|Any CPU
		{4E9E7D67-38E1-4BCD-9657-23A48A2133FB}.Debug|Any CPU.Build.0 = Debug|Any CPU
		{4E9E7D67-38E1-4BCD-9657-23A48A2133FB}.Release|Any CPU.ActiveCfg = Release|Any CPU
		{4E9E7D67-38E1-4BCD-9657-23A48A2133FB}.Release|Any CPU.Build.0 = Release|Any CPU
	EndGlobalSection
	GlobalSection(SolutionProperties) = preSolution
		HideSolutionNode = FALSE
	EndGlobalSection
EndGlobal
